
Microsoft Visual Studio Solution File, Format Version 12.00
# Visual Studio Version 17
VisualStudioVersion = 17.8.34525.116
MinimumVisualStudioVersion = 10.0.40219.1
Project("{8BC9CEB8-8B4A-11D0-8D11-00A0C91BC942}") = "Comparador de TDA-TSE", "Comparador de TDA-TSE\Comparador de TDA-TSE.vcxproj", "{F251FD4E-4A0B-43D4-A660-1D0806C37785}"
EndProject
Global
	GlobalSection(SolutionConfigurationPlatforms) = preSolution
		Debug|x64 = Debug|x64
		Debug|x86 = Debug|x86
		Release|x64 = Release|x64
		Release|x86 = Release|x86
	EndGlobalSection
	GlobalSection(ProjectConfigurationPlatforms) = postSolution
		{F251FD4E-4A0B-43D4-A660-1D0806C37785}.Debug|x64.ActiveCfg = Debug|x64
		{F251FD4E-4A0B-43D4-A660-1D0806C37785}.Debug|x64.Build.0 = Debug|x64
		{F251FD4E-4A0B-43D4-A660-1D0806C37785}.Debug|x86.ActiveCfg = Debug|Win32
		{F251FD4E-4A0B-43D4-A660-1D0806C37785}.Debug|x86.Build.0 = Debug|Win32
		{F251FD4E-4A0B-43D4-A660-1D0806C37785}.Release|x64.ActiveCfg = Release|x64
		{F251FD4E-4A0B-43D4-A660-1D0806C37785}.Release|x64.Build.0 = Release|x64
		{F251FD4E-4A0B-43D4-A660-1D0806C37785}.Release|x86.ActiveCfg = Release|Win32
		{F251FD4E-4A0B-43D4-A660-1D0806C37785}.Release|x86.Build.0 = Release|Win32
	EndGlobalSection
	GlobalSection(SolutionProperties) = preSolution
		HideSolutionNode = FALSE
	EndGlobalSection
	GlobalSection(ExtensibilityGlobals) = postSolution
		SolutionGuid = {267C83C2-29D7-428E-952E-CD62969E5D5D}
	EndGlobalSection
EndGlobal
